// !$*UTF8*$!
{
	archiveVersion = 1;
	classes = {
	};
	objectVersion = 46;
	objects = {

/* Begin PBXBuildFile section */
		D353C5951B389B300091AFE7 /* AppDelegate.swift in Sources */ = {isa = PBXBuildFile; fileRef = D353C5941B389B300091AFE7 /* AppDelegate.swift */; };
		D353C5971B389B300091AFE7 /* ViewController.swift in Sources */ = {isa = PBXBuildFile; fileRef = D353C5961B389B300091AFE7 /* ViewController.swift */; };
		D353C59A1B389B300091AFE7 /* Main.storyboard in Resources */ = {isa = PBXBuildFile; fileRef = D353C5981B389B300091AFE7 /* Main.storyboard */; };
		D353C59C1B389B300091AFE7 /* Images.xcassets in Resources */ = {isa = PBXBuildFile; fileRef = D353C59B1B389B300091AFE7 /* Images.xcassets */; };
		D353C59F1B389B300091AFE7 /* LaunchScreen.xib in Resources */ = {isa = PBXBuildFile; fileRef = D353C59D1B389B300091AFE7 /* LaunchScreen.xib */; };
		D353C5AB1B389B300091AFE7 /* textFieldDemoTests.swift in Sources */ = {isa = PBXBuildFile; fileRef = D353C5AA1B389B300091AFE7 /* textFieldDemoTests.swift */; };
		D353C5B61B389EA50091AFE7 /* FiveDigitDelegate.swift in Sources */ = {isa = PBXBuildFile; fileRef = D353C5B51B389EA50091AFE7 /* FiveDigitDelegate.swift */; };
		D353C5B81B38A5F30091AFE7 /* CurrencyDelegate.swift in Sources */ = {isa = PBXBuildFile; fileRef = D353C5B71B38A5F30091AFE7 /* CurrencyDelegate.swift */; };
/* End PBXBuildFile section */

/* Begin PBXContainerItemProxy section */
		D353C5A51B389B300091AFE7 /* PBXContainerItemProxy */ = {
			isa = PBXContainerItemProxy;
			containerPortal = D353C5871B389B300091AFE7 /* Project object */;
			proxyType = 1;
			remoteGlobalIDString = D353C58E1B389B300091AFE7;
			remoteInfo = textFieldDemo;
		};
/* End PBXContainerItemProxy section */

/* Begin PBXFileReference section */
		D353C58F1B389B300091AFE7 /* textFieldDemo.app */ = {isa = PBXFileReference; explicitFileType = wrapper.application; includeInIndex = 0; path = textFieldDemo.app; sourceTree = BUILT_PRODUCTS_DIR; };
		D353C5931B389B300091AFE7 /* Info.plist */ = {isa = PBXFileReference; lastKnownFileType = text.plist.xml; path = Info.plist; sourceTree = "<group>"; };
		D353C5941B389B300091AFE7 /* AppDelegate.swift */ = {isa = PBXFileReference; lastKnownFileType = sourcecode.swift; path = AppDelegate.swift; sourceTree = "<group>"; };
		D353C5961B389B300091AFE7 /* ViewController.swift */ = {isa = PBXFileReference; lastKnownFileType = sourcecode.swift; path = ViewController.swift; sourceTree = "<group>"; };
		D353C5991B389B300091AFE7 /* Base */ = {isa = PBXFileReference; lastKnownFileType = file.storyboard; name = Base; path = Base.lproj/Main.storyboard; sourceTree = "<group>"; };
		D353C59B1B389B300091AFE7 /* Images.xcassets */ = {isa = PBXFileReference; lastKnownFileType = folder.assetcatalog; path = Images.xcassets; sourceTree = "<group>"; };
		D353C59E1B389B300091AFE7 /* Base */ = {isa = PBXFileReference; lastKnownFileType = file.xib; name = Base; path = Base.lproj/LaunchScreen.xib; sourceTree = "<group>"; };
		D353C5A41B389B300091AFE7 /* textFieldDemoTests.xctest */ = {isa = PBXFileReference; explicitFileType = wrapper.cfbundle; includeInIndex = 0; path = textFieldDemoTests.xctest; sourceTree = BUILT_PRODUCTS_DIR; };
		D353C5A91B389B300091AFE7 /* Info.plist */ = {isa = PBXFileReference; lastKnownFileType = text.plist.xml; path = Info.plist; sourceTree = "<group>"; };
		D353C5AA1B389B300091AFE7 /* textFieldDemoTests.swift */ = {isa = PBXFileReference; lastKnownFileType = sourcecode.swift; path = textFieldDemoTests.swift; sourceTree = "<group>"; };
		D353C5B51B389EA50091AFE7 /* FiveDigitDelegate.swift */ = {isa = PBXFileReference; fileEncoding = 4; lastKnownFileType = sourcecode.swift; path = FiveDigitDelegate.swift; sourceTree = "<group>"; };
		D353C5B71B38A5F30091AFE7 /* CurrencyDelegate.swift */ = {isa = PBXFileReference; fileEncoding = 4; lastKnownFileType = sourcecode.swift; path = CurrencyDelegate.swift; sourceTree = "<group>"; };
/* End PBXFileReference section */

/* Begin PBXFrameworksBuildPhase section */
		D353C58C1B389B300091AFE7 /* Frameworks */ = {
			isa = PBXFrameworksBuildPhase;
			buildActionMask = 2147483647;
			files = (
			);
			runOnlyForDeploymentPostprocessing = 0;
		};
		D353C5A11B389B300091AFE7 /* Frameworks */ = {
			isa = PBXFrameworksBuildPhase;
			buildActionMask = 2147483647;
			files = (
			);
			runOnlyForDeploymentPostprocessing = 0;
		};
/* End PBXFrameworksBuildPhase section */

/* Begin PBXGroup section */
		D353C5861B389B300091AFE7 = {
			isa = PBXGroup;
			children = (
				D353C5911B389B300091AFE7 /* textFieldDemo */,
				D353C5A71B389B300091AFE7 /* textFieldDemoTests */,
				D353C5901B389B300091AFE7 /* Products */,
			);
			sourceTree = "<group>";
		};
		D353C5901B389B300091AFE7 /* Products */ = {
			isa = PBXGroup;
			children = (
				D353C58F1B389B300091AFE7 /* textFieldDemo.app */,
				D353C5A41B389B300091AFE7 /* textFieldDemoTests.xctest */,
			);
			name = Products;
			sourceTree = "<group>";
		};
		D353C5911B389B300091AFE7 /* textFieldDemo */ = {
			isa = PBXGroup;
			children = (
				D353C5B41B389E750091AFE7 /* TextFieldDelegates */,
				D353C5941B389B300091AFE7 /* AppDelegate.swift */,
				D353C5961B389B300091AFE7 /* ViewController.swift */,
				D353C5981B389B300091AFE7 /* Main.storyboard */,
				D353C59B1B389B300091AFE7 /* Images.xcassets */,
				D353C59D1B389B300091AFE7 /* LaunchScreen.xib */,
				D353C5921B389B300091AFE7 /* Supporting Files */,
			);
			path = textFieldDemo;
			sourceTree = "<group>";
		};
		D353C5921B389B300091AFE7 /* Supporting Files */ = {
			isa = PBXGroup;
			children = (
				D353C5931B389B300091AFE7 /* Info.plist */,
			);
			name = "Supporting Files";
			sourceTree = "<group>";
		};
		D353C5A71B389B300091AFE7 /* textFieldDemoTests */ = {
			isa = PBXGroup;
			children = (
				D353C5AA1B389B300091AFE7 /* textFieldDemoTests.swift */,
				D353C5A81B389B300091AFE7 /* Supporting Files */,
			);
			path = textFieldDemoTests;
			sourceTree = "<group>";
		};
		D353C5A81B389B300091AFE7 /* Supporting Files */ = {
			isa = PBXGroup;
			children = (
				D353C5A91B389B300091AFE7 /* Info.plist */,
			);
			name = "Supporting Files";
			sourceTree = "<group>";
		};
		D353C5B41B389E750091AFE7 /* TextFieldDelegates */ = {
			isa = PBXGroup;
			children = (
				D353C5B51B389EA50091AFE7 /* FiveDigitDelegate.swift */,
				D353C5B71B38A5F30091AFE7 /* CurrencyDelegate.swift */,
			);
			name = TextFieldDelegates;
			sourceTree = "<group>";
		};
/* End PBXGroup section */

/* Begin PBXNativeTarget section */
		D353C58E1B389B300091AFE7 /* textFieldDemo */ = {
			isa = PBXNativeTarget;
			buildConfigurationList = D353C5AE1B389B300091AFE7 /* Build configuration list for PBXNativeTarget "textFieldDemo" */;
			buildPhases = (
				D353C58B1B389B300091AFE7 /* Sources */,
				D353C58C1B389B300091AFE7 /* Frameworks */,
				D353C58D1B389B300091AFE7 /* Resources */,
			);
			buildRules = (
			);
			dependencies = (
			);
			name = textFieldDemo;
			productName = textFieldDemo;
			productReference = D353C58F1B389B300091AFE7 /* textFieldDemo.app */;
			productType = "com.apple.product-type.application";
		};
		D353C5A31B389B300091AFE7 /* textFieldDemoTests */ = {
			isa = PBXNativeTarget;
			buildConfigurationList = D353C5B11B389B300091AFE7 /* Build configuration list for PBXNativeTarget "textFieldDemoTests" */;
			buildPhases = (
				D353C5A01B389B300091AFE7 /* Sources */,
				D353C5A11B389B300091AFE7 /* Frameworks */,
				D353C5A21B389B300091AFE7 /* Resources */,
			);
			buildRules = (
			);
			dependencies = (
				D353C5A61B389B300091AFE7 /* PBXTargetDependency */,
			);
			name = textFieldDemoTests;
			productName = textFieldDemoTests;
			productReference = D353C5A41B389B300091AFE7 /* textFieldDemoTests.xctest */;
			productType = "com.apple.product-type.bundle.unit-test";
		};
/* End PBXNativeTarget section */

/* Begin PBXProject section */
		D353C5871B389B300091AFE7 /* Project object */ = {
			isa = PBXProject;
			attributes = {
				LastUpgradeCheck = 0630;
				ORGANIZATIONNAME = "truckin'";
				TargetAttributes = {
					D353C58E1B389B300091AFE7 = {
						CreatedOnToolsVersion = 6.3.2;
					};
					D353C5A31B389B300091AFE7 = {
						CreatedOnToolsVersion = 6.3.2;
						TestTargetID = D353C58E1B389B300091AFE7;
					};
				};
			};
			buildConfigurationList = D353C58A1B389B300091AFE7 /* Build configuration list for PBXProject "textFieldDemo" */;
			compatibilityVersion = "Xcode 3.2";
			developmentRegion = English;
			hasScannedForEncodings = 0;
			knownRegions = (
				en,
				Base,
			);
			mainGroup = D353C5861B389B300091AFE7;
			productRefGroup = D353C5901B389B300091AFE7 /* Products */;
			projectDirPath = "";
			projectRoot = "";
			targets = (
				D353C58E1B389B300091AFE7 /* textFieldDemo */,
				D353C5A31B389B300091AFE7 /* textFieldDemoTests */,
			);
		};
/* End PBXProject section */

/* Begin PBXResourcesBuildPhase section */
		D353C58D1B389B300091AFE7 /* Resources */ = {
			isa = PBXResourcesBuildPhase;
			buildActionMask = 2147483647;
			files = (
				D353C59A1B389B300091AFE7 /* Main.storyboard in Resources */,
				D353C59F1B389B300091AFE7 /* LaunchScreen.xib in Resources */,
				D353C59C1B389B300091AFE7 /* Images.xcassets in Resources */,
			);
			runOnlyForDeploymentPostprocessing = 0;
		};
		D353C5A21B389B300091AFE7 /* Resources */ = {
			isa = PBXResourcesBuildPhase;
			buildActionMask = 2147483647;
			files = (
			);
			runOnlyForDeploymentPostprocessing = 0;
		};
/* End PBXResourcesBuildPhase section */

/* Begin PBXSourcesBuildPhase section */
		D353C58B1B389B300091AFE7 /* Sources */ = {
			isa = PBXSourcesBuildPhase;
			buildActionMask = 2147483647;
			files = (
				D353C5B61B389EA50091AFE7 /* FiveDigitDelegate.swift in Sources */,
				D353C5971B389B300091AFE7 /* ViewController.swift in Sources */,
				D353C5951B389B300091AFE7 /* AppDelegate.swift in Sources */,
				D353C5B81B38A5F30091AFE7 /* CurrencyDelegate.swift in Sources */,
			);
			runOnlyForDeploymentPostprocessing = 0;
		};
		D353C5A01B389B300091AFE7 /* Sources */ = {
			isa = PBXSourcesBuildPhase;
			buildActionMask = 2147483647;
			files = (
				D353C5AB1B389B300091AFE7 /* textFieldDemoTests.swift in Sources */,
			);
			runOnlyForDeploymentPostprocessing = 0;
		};
/* End PBXSourcesBuildPhase section */

/* Begin PBXTargetDependency section */
		D353C5A61B389B300091AFE7 /* PBXTargetDependency */ = {
			isa = PBXTargetDependency;
			target = D353C58E1B389B300091AFE7 /* textFieldDemo */;
			targetProxy = D353C5A51B389B300091AFE7 /* PBXContainerItemProxy */;
		};
/* End PBXTargetDependency section */

/* Begin PBXVariantGroup section */
		D353C5981B389B300091AFE7 /* Main.storyboard */ = {
			isa = PBXVariantGroup;
			children = (
				D353C5991B389B300091AFE7 /* Base */,
			);
			name = Main.storyboard;
			sourceTree = "<group>";
		};
		D353C59D1B389B300091AFE7 /* LaunchScreen.xib */ = {
			isa = PBXVariantGroup;
			children = (
				D353C59E1B389B300091AFE7 /* Base */,
			);
			name = LaunchScreen.xib;
			sourceTree = "<group>";
		};
/* End PBXVariantGroup section */

/* Begin XCBuildConfiguration section */
		D353C5AC1B389B300091AFE7 /* Debug */ = {
			isa = XCBuildConfiguration;
			buildSettings = {
				ALWAYS_SEARCH_USER_PATHS = NO;
				CLANG_CXX_LANGUAGE_STANDARD = "gnu++0x";
				CLANG_CXX_LIBRARY = "libc++";
				CLANG_ENABLE_MODULES = YES;
				CLANG_ENABLE_OBJC_ARC = YES;
				CLANG_WARN_BOOL_CONVERSION = YES;
				CLANG_WARN_CONSTANT_CONVERSION = YES;
				CLANG_WARN_DIRECT_OBJC_ISA_USAGE = YES_ERROR;
				CLANG_WARN_EMPTY_BODY = YES;
				CLANG_WARN_ENUM_CONVERSION = YES;
				CLANG_WARN_INT_CONVERSION = YES;
				CLANG_WARN_OBJC_ROOT_CLASS = YES_ERROR;
				CLANG_WARN_UNREACHABLE_CODE = YES;
				CLANG_WARN__DUPLICATE_METHOD_MATCH = YES;
				"CODE_SIGN_IDENTITY[sdk=iphoneos*]" = "iPhone Developer";
				COPY_PHASE_STRIP = NO;
				DEBUG_INFORMATION_FORMAT = "dwarf-with-dsym";
				ENABLE_STRICT_OBJC_MSGSEND = YES;
				GCC_C_LANGUAGE_STANDARD = gnu99;
				GCC_DYNAMIC_NO_PIC = NO;
				GCC_NO_COMMON_BLOCKS = YES;
				GCC_OPTIMIZATION_LEVEL = 0;
				GCC_PREPROCESSOR_DEFINITIONS = (
					"DEBUG=1",
					"$(inherited)",
				);
				GCC_SYMBOLS_PRIVATE_EXTERN = NO;
				GCC_WARN_64_TO_32_BIT_CONVERSION = YES;
				GCC_WARN_ABOUT_RETURN_TYPE = YES_ERROR;
				GCC_WARN_UNDECLARED_SELECTOR = YES;
				GCC_WARN_UNINITIALIZED_AUTOS = YES_AGGRESSIVE;
				GCC_WARN_UNUSED_FUNCTION = YES;
				GCC_WARN_UNUSED_VARIABLE = YES;
				IPHONEOS_DEPLOYMENT_TARGET = 8.3;
				MTL_ENABLE_DEBUG_INFO = YES;
				ONLY_ACTIVE_ARCH = YES;
				SDKROOT = iphoneos;
				SWIFT_OPTIMIZATION_LEVEL = "-Onone";
				TARGETED_DEVICE_FAMILY = "1,2";
			};
			name = Debug;
		};
		D353C5AD1B389B300091AFE7 /* Release */ = {
			isa = XCBuildConfiguration;
			buildSettings = {
				ALWAYS_SEARCH_USER_PATHS = NO;
				CLANG_CXX_LANGUAGE_STANDARD = "gnu++0x";
				CLANG_CXX_LIBRARY = "libc++";
				CLANG_ENABLE_MODULES = YES;
				CLANG_ENABLE_OBJC_ARC = YES;
				CLANG_WARN_BOOL_CONVERSION = YES;
				CLANG_WARN_CONSTANT_CONVERSION = YES;
				CLANG_WARN_DIRECT_OBJC_ISA_USAGE = YES_ERROR;
				CLANG_WARN_EMPTY_BODY = YES;
				CLANG_WARN_ENUM_CONVERSION = YES;
				CLANG_WARN_INT_CONVERSION = YES;
				CLANG_WARN_OBJC_ROOT_CLASS = YES_ERROR;
				CLANG_WARN_UNREACHABLE_CODE = YES;
				CLANG_WARN__DUPLICATE_METHOD_MATCH = YES;
				"CODE_SIGN_IDENTITY[sdk=iphoneos*]" = "iPhone Developer";
				COPY_PHASE_STRIP = NO;
				DEBUG_INFORMATION_FORMAT = "dwarf-with-dsym";
				ENABLE_NS_ASSERTIONS = NO;
				ENABLE_STRICT_OBJC_MSGSEND = YES;
				GCC_C_LANGUAGE_STANDARD = gnu99;
				GCC_NO_COMMON_BLOCKS = YES;
				GCC_WARN_64_TO_32_BIT_CONVERSION = YES;
				GCC_WARN_ABOUT_RETURN_TYPE = YES_ERROR;
				GCC_WARN_UNDECLARED_SELECTOR = YES;
				GCC_WARN_UNINITIALIZED_AUTOS = YES_AGGRESSIVE;
				GCC_WARN_UNUSED_FUNCTION = YES;
				GCC_WARN_UNUSED_VARIABLE = YES;
				IPHONEOS_DEPLOYMENT_TARGET = 8.3;
				MTL_ENABLE_DEBUG_INFO = NO;
				SDKROOT = iphoneos;
				TARGETED_DEVICE_FAMILY = "1,2";
				VALIDATE_PRODUCT = YES;
			};
			name = Release;
		};
		D353C5AF1B389B300091AFE7 /* Debug */ = {
			isa = XCBuildConfiguration;
			buildSettings = {
				ASSETCATALOG_COMPILER_APPICON_NAME = AppIcon;
				INFOPLIST_FILE = textFieldDemo/Info.plist;
				LD_RUNPATH_SEARCH_PATHS = "$(inherited) @executable_path/Frameworks";
				PRODUCT_NAME = "$(TARGET_NAME)";
			};
			name = Debug;
		};
		D353C5B01B389B300091AFE7 /* Release */ = {
			isa = XCBuildConfiguration;
			buildSettings = {
				ASSETCATALOG_COMPILER_APPICON_NAME = AppIcon;
				INFOPLIST_FILE = textFieldDemo/Info.plist;
				LD_RUNPATH_SEARCH_PATHS = "$(inherited) @executable_path/Frameworks";
				PRODUCT_NAME = "$(TARGET_NAME)";
			};
			name = Release;
		};
		D353C5B21B389B300091AFE7 /* Debug */ = {
			isa = XCBuildConfiguration;
			buildSettings = {
				BUNDLE_LOADER = "$(TEST_HOST)";
				FRAMEWORK_SEARCH_PATHS = (
					"$(SDKROOT)/Developer/Library/Frameworks",
					"$(inherited)",
				);
				GCC_PREPROCESSOR_DEFINITIONS = (
					"DEBUG=1",
					"$(inherited)",
				);
				INFOPLIST_FILE = textFieldDemoTests/Info.plist;
				LD_RUNPATH_SEARCH_PATHS = "$(inherited) @executable_path/Frameworks @loader_path/Frameworks";
				PRODUCT_NAME = "$(TARGET_NAME)";
				TEST_HOST = "$(BUILT_PRODUCTS_DIR)/textFieldDemo.app/textFieldDemo";
			};
			name = Debug;
		};
		D353C5B31B389B300091AFE7 /* Release */ = {
			isa = XCBuildConfiguration;
			buildSettings = {
				BUNDLE_LOADER = "$(TEST_HOST)";
				FRAMEWORK_SEARCH_PATHS = (
					"$(SDKROOT)/Developer/Library/Frameworks",
					"$(inherited)",
				);
				INFOPLIST_FILE = textFieldDemoTests/Info.plist;
				LD_RUNPATH_SEARCH_PATHS = "$(inherited) @executable_path/Frameworks @loader_path/Frameworks";
				PRODUCT_NAME = "$(TARGET_NAME)";
				TEST_HOST = "$(BUILT_PRODUCTS_DIR)/textFieldDemo.app/textFieldDemo";
			};
			name = Release;
		};
/* End XCBuildConfiguration section */

/* Begin XCConfigurationList section */
		D353C58A1B389B300091AFE7 /* Build configuration list for PBXProject "textFieldDemo" */ = {
			isa = XCConfigurationList;
			buildConfigurations = (
				D353C5AC1B389B300091AFE7 /* Debug */,
				D353C5AD1B389B300091AFE7 /* Release */,
			);
			defaultConfigurationIsVisible = 0;
			defaultConfigurationName = Release;
		};
		D353C5AE1B389B300091AFE7 /* Build configuration list for PBXNativeTarget "textFieldDemo" */ = {
			isa = XCConfigurationList;
			buildConfigurations = (
				D353C5AF1B389B300091AFE7 /* Debug */,
				D353C5B01B389B300091AFE7 /* Release */,
			);
			defaultConfigurationIsVisible = 0;
		};
		D353C5B11B389B300091AFE7 /* Build configuration list for PBXNativeTarget "textFieldDemoTests" */ = {
			isa = XCConfigurationList;
			buildConfigurations = (
				D353C5B21B389B300091AFE7 /* Debug */,
				D353C5B31B389B300091AFE7 /* Release */,
			);
			defaultConfigurationIsVisible = 0;
		};
/* End XCConfigurationList section */
	};
	rootObject = D353C5871B389B300091AFE7 /* Project object */;
}
